// !$*UTF8*$!
{
	archiveVersion = 1;
	classes = {
	};
	objectVersion = 50;
	objects = {

/* Begin PBXBuildFile section */
		784F9F66DA652BF5C865CAF2 /* Pods_AppStructure.framework in Frameworks */ = {isa = PBXBuildFile; fileRef = F801583A295B8EBF9159E03C /* Pods_AppStructure.framework */; };
		8378BD0220E61561004D32BB /* AppDelegate.swift in Sources */ = {isa = PBXBuildFile; fileRef = 8378BD0120E61561004D32BB /* AppDelegate.swift */; };
		8378BD0420E61561004D32BB /* MainViewController.swift in Sources */ = {isa = PBXBuildFile; fileRef = 8378BD0320E61561004D32BB /* MainViewController.swift */; };
		8378BD0720E61561004D32BB /* Main.storyboard in Resources */ = {isa = PBXBuildFile; fileRef = 8378BD0520E61561004D32BB /* Main.storyboard */; };
		8378BD0920E61562004D32BB /* Assets.xcassets in Resources */ = {isa = PBXBuildFile; fileRef = 8378BD0820E61562004D32BB /* Assets.xcassets */; };
		8378BD0C20E61562004D32BB /* LaunchScreen.storyboard in Resources */ = {isa = PBXBuildFile; fileRef = 8378BD0A20E61562004D32BB /* LaunchScreen.storyboard */; };
		8378BD1520E61D38004D32BB /* AppContainer.swift in Sources */ = {isa = PBXBuildFile; fileRef = 8378BD1420E61D38004D32BB /* AppContainer.swift */; };
		8378BD1820E61FA4004D32BB /* Films.swift in Sources */ = {isa = PBXBuildFile; fileRef = 8378BD1720E61FA4004D32BB /* Films.swift */; };
		8378BD1C20E6316C004D32BB /* ShowFilmsUserCase.swift in Sources */ = {isa = PBXBuildFile; fileRef = 8378BD1B20E6316C004D32BB /* ShowFilmsUserCase.swift */; };
		8378BD2020E63A6A004D32BB /* FilmsRepository.swift in Sources */ = {isa = PBXBuildFile; fileRef = 8378BD1F20E63A6A004D32BB /* FilmsRepository.swift */; };
/* End PBXBuildFile section */

/* Begin PBXFileReference section */
		823B1620E22748E2ECB44574 /* Pods-AppStructure.debug.xcconfig */ = {isa = PBXFileReference; includeInIndex = 1; lastKnownFileType = text.xcconfig; name = "Pods-AppStructure.debug.xcconfig"; path = "Pods/Target Support Files/Pods-AppStructure/Pods-AppStructure.debug.xcconfig"; sourceTree = "<group>"; };
		8378BCFE20E61561004D32BB /* AppStructure.app */ = {isa = PBXFileReference; explicitFileType = wrapper.application; includeInIndex = 0; path = AppStructure.app; sourceTree = BUILT_PRODUCTS_DIR; };
		8378BD0120E61561004D32BB /* AppDelegate.swift */ = {isa = PBXFileReference; lastKnownFileType = sourcecode.swift; path = AppDelegate.swift; sourceTree = "<group>"; };
		8378BD0320E61561004D32BB /* MainViewController.swift */ = {isa = PBXFileReference; lastKnownFileType = sourcecode.swift; path = MainViewController.swift; sourceTree = "<group>"; };
		8378BD0620E61561004D32BB /* Base */ = {isa = PBXFileReference; lastKnownFileType = file.storyboard; name = Base; path = Base.lproj/Main.storyboard; sourceTree = "<group>"; };
		8378BD0820E61562004D32BB /* Assets.xcassets */ = {isa = PBXFileReference; lastKnownFileType = folder.assetcatalog; path = Assets.xcassets; sourceTree = "<group>"; };
		8378BD0B20E61562004D32BB /* Base */ = {isa = PBXFileReference; lastKnownFileType = file.storyboard; name = Base; path = Base.lproj/LaunchScreen.storyboard; sourceTree = "<group>"; };
		8378BD0D20E61562004D32BB /* Info.plist */ = {isa = PBXFileReference; lastKnownFileType = text.plist.xml; path = Info.plist; sourceTree = "<group>"; };
		8378BD1420E61D38004D32BB /* AppContainer.swift */ = {isa = PBXFileReference; lastKnownFileType = sourcecode.swift; path = AppContainer.swift; sourceTree = "<group>"; };
		8378BD1720E61FA4004D32BB /* Films.swift */ = {isa = PBXFileReference; lastKnownFileType = sourcecode.swift; path = Films.swift; sourceTree = "<group>"; };
		8378BD1B20E6316C004D32BB /* ShowFilmsUserCase.swift */ = {isa = PBXFileReference; lastKnownFileType = sourcecode.swift; path = ShowFilmsUserCase.swift; sourceTree = "<group>"; };
		8378BD1F20E63A6A004D32BB /* FilmsRepository.swift */ = {isa = PBXFileReference; lastKnownFileType = sourcecode.swift; path = FilmsRepository.swift; sourceTree = "<group>"; };
		B0E27BB57BCB51CFFB1A4C0C /* Pods-AppStructure.release.xcconfig */ = {isa = PBXFileReference; includeInIndex = 1; lastKnownFileType = text.xcconfig; name = "Pods-AppStructure.release.xcconfig"; path = "Pods/Target Support Files/Pods-AppStructure/Pods-AppStructure.release.xcconfig"; sourceTree = "<group>"; };
		F801583A295B8EBF9159E03C /* Pods_AppStructure.framework */ = {isa = PBXFileReference; explicitFileType = wrapper.framework; includeInIndex = 0; path = Pods_AppStructure.framework; sourceTree = BUILT_PRODUCTS_DIR; };
/* End PBXFileReference section */

/* Begin PBXFrameworksBuildPhase section */
		8378BCFB20E61561004D32BB /* Frameworks */ = {
			isa = PBXFrameworksBuildPhase;
			buildActionMask = 2147483647;
			files = (
				784F9F66DA652BF5C865CAF2 /* Pods_AppStructure.framework in Frameworks */,
			);
			runOnlyForDeploymentPostprocessing = 0;
		};
/* End PBXFrameworksBuildPhase section */

/* Begin PBXGroup section */
		476046EADBE98D0F56620F44 /* Pods */ = {
			isa = PBXGroup;
			children = (
				823B1620E22748E2ECB44574 /* Pods-AppStructure.debug.xcconfig */,
				B0E27BB57BCB51CFFB1A4C0C /* Pods-AppStructure.release.xcconfig */,
			);
			name = Pods;
			sourceTree = "<group>";
		};
		8378BCF520E61561004D32BB = {
			isa = PBXGroup;
			children = (
				8378BD0020E61561004D32BB /* AppStructure */,
				8378BCFF20E61561004D32BB /* Products */,
				476046EADBE98D0F56620F44 /* Pods */,
				FAA6CB243658195F3BCCB701 /* Frameworks */,
			);
			sourceTree = "<group>";
		};
		8378BCFF20E61561004D32BB /* Products */ = {
			isa = PBXGroup;
			children = (
				8378BCFE20E61561004D32BB /* AppStructure.app */,
			);
			name = Products;
			sourceTree = "<group>";
		};
		8378BD0020E61561004D32BB /* AppStructure */ = {
			isa = PBXGroup;
			children = (
				8378BD1D20E632D0004D32BB /* Platform */,
				8378BD1620E61F8A004D32BB /* Domain */,
				8378BD1320E61D2B004D32BB /* DependencyInjection */,
				8378BD0120E61561004D32BB /* AppDelegate.swift */,
				8378BD0320E61561004D32BB /* MainViewController.swift */,
				8378BD0520E61561004D32BB /* Main.storyboard */,
				8378BD0820E61562004D32BB /* Assets.xcassets */,
				8378BD0A20E61562004D32BB /* LaunchScreen.storyboard */,
				8378BD0D20E61562004D32BB /* Info.plist */,
			);
			path = AppStructure;
			sourceTree = "<group>";
		};
		8378BD1320E61D2B004D32BB /* DependencyInjection */ = {
			isa = PBXGroup;
			children = (
				8378BD1420E61D38004D32BB /* AppContainer.swift */,
			);
			path = DependencyInjection;
			sourceTree = "<group>";
		};
		8378BD1620E61F8A004D32BB /* Domain */ = {
			isa = PBXGroup;
			children = (
				8378BD1A20E63092004D32BB /* UseCases */,
				8378BD1920E61FB0004D32BB /* Entities */,
			);
			path = Domain;
			sourceTree = "<group>";
		};
		8378BD1920E61FB0004D32BB /* Entities */ = {
			isa = PBXGroup;
			children = (
				8378BD1720E61FA4004D32BB /* Films.swift */,
			);
			path = Entities;
			sourceTree = "<group>";
		};
		8378BD1A20E63092004D32BB /* UseCases */ = {
			isa = PBXGroup;
			children = (
				8378BD1B20E6316C004D32BB /* ShowFilmsUserCase.swift */,
			);
			path = UseCases;
			sourceTree = "<group>";
		};
		8378BD1D20E632D0004D32BB /* Platform */ = {
			isa = PBXGroup;
			children = (
				8378BD1E20E63405004D32BB /* Repositories */,
			);
			path = Platform;
			sourceTree = "<group>";
		};
		8378BD1E20E63405004D32BB /* Repositories */ = {
			isa = PBXGroup;
			children = (
				8378BD1F20E63A6A004D32BB /* FilmsRepository.swift */,
			);
			path = Repositories;
			sourceTree = "<group>";
		};
		FAA6CB243658195F3BCCB701 /* Frameworks */ = {
			isa = PBXGroup;
			children = (
				F801583A295B8EBF9159E03C /* Pods_AppStructure.framework */,
			);
			name = Frameworks;
			sourceTree = "<group>";
		};
/* End PBXGroup section */

/* Begin PBXNativeTarget section */
		8378BCFD20E61561004D32BB /* AppStructure */ = {
			isa = PBXNativeTarget;
			buildConfigurationList = 8378BD1020E61562004D32BB /* Build configuration list for PBXNativeTarget "AppStructure" */;
			buildPhases = (
				4DCFB3261389A150AE282FA8 /* [CP] Check Pods Manifest.lock */,
				8378BCFA20E61561004D32BB /* Sources */,
				8378BCFB20E61561004D32BB /* Frameworks */,
				8378BCFC20E61561004D32BB /* Resources */,
				0DB0E97C30432E360AC3FD7D /* [CP] Embed Pods Frameworks */,
			);
			buildRules = (
			);
			dependencies = (
			);
			name = AppStructure;
			productName = AppStructure;
			productReference = 8378BCFE20E61561004D32BB /* AppStructure.app */;
			productType = "com.apple.product-type.application";
		};
/* End PBXNativeTarget section */

/* Begin PBXProject section */
		8378BCF620E61561004D32BB /* Project object */ = {
			isa = PBXProject;
			attributes = {
				LastSwiftUpdateCheck = 0940;
				LastUpgradeCheck = 0940;
				ORGANIZATIONNAME = mobile;
				TargetAttributes = {
					8378BCFD20E61561004D32BB = {
						CreatedOnToolsVersion = 9.4.1;
					};
				};
			};
			buildConfigurationList = 8378BCF920E61561004D32BB /* Build configuration list for PBXProject "AppStructure" */;
			compatibilityVersion = "Xcode 9.3";
			developmentRegion = en;
			hasScannedForEncodings = 0;
			knownRegions = (
				en,
				Base,
			);
			mainGroup = 8378BCF520E61561004D32BB;
			productRefGroup = 8378BCFF20E61561004D32BB /* Products */;
			projectDirPath = "";
			projectRoot = "";
			targets = (
				8378BCFD20E61561004D32BB /* AppStructure */,
			);
		};
/* End PBXProject section */

/* Begin PBXResourcesBuildPhase section */
		8378BCFC20E61561004D32BB /* Resources */ = {
			isa = PBXResourcesBuildPhase;
			buildActionMask = 2147483647;
			files = (
				8378BD0C20E61562004D32BB /* LaunchScreen.storyboard in Resources */,
				8378BD0920E61562004D32BB /* Assets.xcassets in Resources */,
				8378BD0720E61561004D32BB /* Main.storyboard in Resources */,
			);
			runOnlyForDeploymentPostprocessing = 0;
		};
/* End PBXResourcesBuildPhase section */

/* Begin PBXShellScriptBuildPhase section */
		0DB0E97C30432E360AC3FD7D /* [CP] Embed Pods Frameworks */ = {
			isa = PBXShellScriptBuildPhase;
			buildActionMask = 2147483647;
			files = (
			);
			inputPaths = (
				"${SRCROOT}/Pods/Target Support Files/Pods-AppStructure/Pods-AppStructure-frameworks.sh",
				"${BUILT_PRODUCTS_DIR}/RxCocoa/RxCocoa.framework",
				"${BUILT_PRODUCTS_DIR}/RxSwift/RxSwift.framework",
				"${BUILT_PRODUCTS_DIR}/Swinject/Swinject.framework",
				"${BUILT_PRODUCTS_DIR}/SwinjectStoryboard/SwinjectStoryboard.framework",
			);
			name = "[CP] Embed Pods Frameworks";
			outputPaths = (
				"${TARGET_BUILD_DIR}/${FRAMEWORKS_FOLDER_PATH}/RxCocoa.framework",
				"${TARGET_BUILD_DIR}/${FRAMEWORKS_FOLDER_PATH}/RxSwift.framework",
				"${TARGET_BUILD_DIR}/${FRAMEWORKS_FOLDER_PATH}/Swinject.framework",
				"${TARGET_BUILD_DIR}/${FRAMEWORKS_FOLDER_PATH}/SwinjectStoryboard.framework",
			);
			runOnlyForDeploymentPostprocessing = 0;
			shellPath = /bin/sh;
			shellScript = "\"${SRCROOT}/Pods/Target Support Files/Pods-AppStructure/Pods-AppStructure-frameworks.sh\"\n";
			showEnvVarsInLog = 0;
		};
		4DCFB3261389A150AE282FA8 /* [CP] Check Pods Manifest.lock */ = {
			isa = PBXShellScriptBuildPhase;
			buildActionMask = 2147483647;
			files = (
			);
			inputPaths = (
				"${PODS_PODFILE_DIR_PATH}/Podfile.lock",
				"${PODS_ROOT}/Manifest.lock",
			);
			name = "[CP] Check Pods Manifest.lock";
			outputPaths = (
				"$(DERIVED_FILE_DIR)/Pods-AppStructure-checkManifestLockResult.txt",
			);
			runOnlyForDeploymentPostprocessing = 0;
			shellPath = /bin/sh;
			shellScript = "diff \"${PODS_PODFILE_DIR_PATH}/Podfile.lock\" \"${PODS_ROOT}/Manifest.lock\" > /dev/null\nif [ $? != 0 ] ; then\n    # print error to STDERR\n    echo \"error: The sandbox is not in sync with the Podfile.lock. Run 'pod install' or update your CocoaPods installation.\" >&2\n    exit 1\nfi\n# This output is used by Xcode 'outputs' to avoid re-running this script phase.\necho \"SUCCESS\" > \"${SCRIPT_OUTPUT_FILE_0}\"\n";
			showEnvVarsInLog = 0;
		};
/* End PBXShellScriptBuildPhase section */

/* Begin PBXSourcesBuildPhase section */
		8378BCFA20E61561004D32BB /* Sources */ = {
			isa = PBXSourcesBuildPhase;
			buildActionMask = 2147483647;
			files = (
				8378BD1C20E6316C004D32BB /* ShowFilmsUserCase.swift in Sources */,
				8378BD2020E63A6A004D32BB /* FilmsRepository.swift in Sources */,
				8378BD0420E61561004D32BB /* MainViewController.swift in Sources */,
				8378BD0220E61561004D32BB /* AppDelegate.swift in Sources */,
				8378BD1820E61FA4004D32BB /* Films.swift in Sources */,
				8378BD1520E61D38004D32BB /* AppContainer.swift in Sources */,
			);
			runOnlyForDeploymentPostprocessing = 0;
		};
/* End PBXSourcesBuildPhase section */

/* Begin PBXVariantGroup section */
		8378BD0520E61561004D32BB /* Main.storyboard */ = {
			isa = PBXVariantGroup;
			children = (
				8378BD0620E61561004D32BB /* Base */,
			);
			name = Main.storyboard;
			sourceTree = "<group>";
		};
		8378BD0A20E61562004D32BB /* LaunchScreen.storyboard */ = {
			isa = PBXVariantGroup;
			children = (
				8378BD0B20E61562004D32BB /* Base */,
			);
			name = LaunchScreen.storyboard;
			sourceTree = "<group>";
		};
/* End PBXVariantGroup section */

/* Begin XCBuildConfiguration section */
		8378BD0E20E61562004D32BB /* Debug */ = {
			isa = XCBuildConfiguration;
			buildSettings = {
				ALWAYS_SEARCH_USER_PATHS = NO;
				CLANG_ANALYZER_NONNULL = YES;
				CLANG_ANALYZER_NUMBER_OBJECT_CONVERSION = YES_AGGRESSIVE;
				CLANG_CXX_LANGUAGE_STANDARD = "gnu++14";
				CLANG_CXX_LIBRARY = "libc++";
				CLANG_ENABLE_MODULES = YES;
				CLANG_ENABLE_OBJC_ARC = YES;
				CLANG_ENABLE_OBJC_WEAK = YES;
				CLANG_WARN_BLOCK_CAPTURE_AUTORELEASING = YES;
				CLANG_WARN_BOOL_CONVERSION = YES;
				CLANG_WARN_COMMA = YES;
				CLANG_WARN_CONSTANT_CONVERSION = YES;
				CLANG_WARN_DEPRECATED_OBJC_IMPLEMENTATIONS = YES;
				CLANG_WARN_DIRECT_OBJC_ISA_USAGE = YES_ERROR;
				CLANG_WARN_DOCUMENTATION_COMMENTS = YES;
				CLANG_WARN_EMPTY_BODY = YES;
				CLANG_WARN_ENUM_CONVERSION = YES;
				CLANG_WARN_INFINITE_RECURSION = YES;
				CLANG_WARN_INT_CONVERSION = YES;
				CLANG_WARN_NON_LITERAL_NULL_CONVERSION = YES;
				CLANG_WARN_OBJC_IMPLICIT_RETAIN_SELF = YES;
				CLANG_WARN_OBJC_LITERAL_CONVERSION = YES;
				CLANG_WARN_OBJC_ROOT_CLASS = YES_ERROR;
				CLANG_WARN_RANGE_LOOP_ANALYSIS = YES;
				CLANG_WARN_STRICT_PROTOTYPES = YES;
				CLANG_WARN_SUSPICIOUS_MOVE = YES;
				CLANG_WARN_UNGUARDED_AVAILABILITY = YES_AGGRESSIVE;
				CLANG_WARN_UNREACHABLE_CODE = YES;
				CLANG_WARN__DUPLICATE_METHOD_MATCH = YES;
				CODE_SIGN_IDENTITY = "iPhone Developer";
				COPY_PHASE_STRIP = NO;
				DEBUG_INFORMATION_FORMAT = dwarf;
				ENABLE_STRICT_OBJC_MSGSEND = YES;
				ENABLE_TESTABILITY = YES;
				GCC_C_LANGUAGE_STANDARD = gnu11;
				GCC_DYNAMIC_NO_PIC = NO;
				GCC_NO_COMMON_BLOCKS = YES;
				GCC_OPTIMIZATION_LEVEL = 0;
				GCC_PREPROCESSOR_DEFINITIONS = (
					"DEBUG=1",
					"$(inherited)",
				);
				GCC_WARN_64_TO_32_BIT_CONVERSION = YES;
				GCC_WARN_ABOUT_RETURN_TYPE = YES_ERROR;
				GCC_WARN_UNDECLARED_SELECTOR = YES;
				GCC_WARN_UNINITIALIZED_AUTOS = YES_AGGRESSIVE;
				GCC_WARN_UNUSED_FUNCTION = YES;
				GCC_WARN_UNUSED_VARIABLE = YES;
				IPHONEOS_DEPLOYMENT_TARGET = 11.4;
				MTL_ENABLE_DEBUG_INFO = YES;
				ONLY_ACTIVE_ARCH = YES;
				SDKROOT = iphoneos;
				SWIFT_ACTIVE_COMPILATION_CONDITIONS = DEBUG;
				SWIFT_OPTIMIZATION_LEVEL = "-Onone";
			};
			name = Debug;
		};
		8378BD0F20E61562004D32BB /* Release */ = {
			isa = XCBuildConfiguration;
			buildSettings = {
				ALWAYS_SEARCH_USER_PATHS = NO;
				CLANG_ANALYZER_NONNULL = YES;
				CLANG_ANALYZER_NUMBER_OBJECT_CONVERSION = YES_AGGRESSIVE;
				CLANG_CXX_LANGUAGE_STANDARD = "gnu++14";
				CLANG_CXX_LIBRARY = "libc++";
				CLANG_ENABLE_MODULES = YES;
				CLANG_ENABLE_OBJC_ARC = YES;
				CLANG_ENABLE_OBJC_WEAK = YES;
				CLANG_WARN_BLOCK_CAPTURE_AUTORELEASING = YES;
				CLANG_WARN_BOOL_CONVERSION = YES;
				CLANG_WARN_COMMA = YES;
				CLANG_WARN_CONSTANT_CONVERSION = YES;
				CLANG_WARN_DEPRECATED_OBJC_IMPLEMENTATIONS = YES;
				CLANG_WARN_DIRECT_OBJC_ISA_USAGE = YES_ERROR;
				CLANG_WARN_DOCUMENTATION_COMMENTS = YES;
				CLANG_WARN_EMPTY_BODY = YES;
				CLANG_WARN_ENUM_CONVERSION = YES;
				CLANG_WARN_INFINITE_RECURSION = YES;
				CLANG_WARN_INT_CONVERSION = YES;
				CLANG_WARN_NON_LITERAL_NULL_CONVERSION = YES;
				CLANG_WARN_OBJC_IMPLICIT_RETAIN_SELF = YES;
				CLANG_WARN_OBJC_LITERAL_CONVERSION = YES;
				CLANG_WARN_OBJC_ROOT_CLASS = YES_ERROR;
				CLANG_WARN_RANGE_LOOP_ANALYSIS = YES;
				CLANG_WARN_STRICT_PROTOTYPES = YES;
				CLANG_WARN_SUSPICIOUS_MOVE = YES;
				CLANG_WARN_UNGUARDED_AVAILABILITY = YES_AGGRESSIVE;
				CLANG_WARN_UNREACHABLE_CODE = YES;
				CLANG_WARN__DUPLICATE_METHOD_MATCH = YES;
				CODE_SIGN_IDENTITY = "iPhone Developer";
				COPY_PHASE_STRIP = NO;
				DEBUG_INFORMATION_FORMAT = "dwarf-with-dsym";
				ENABLE_NS_ASSERTIONS = NO;
				ENABLE_STRICT_OBJC_MSGSEND = YES;
				GCC_C_LANGUAGE_STANDARD = gnu11;
				GCC_NO_COMMON_BLOCKS = YES;
				GCC_WARN_64_TO_32_BIT_CONVERSION = YES;
				GCC_WARN_ABOUT_RETURN_TYPE = YES_ERROR;
				GCC_WARN_UNDECLARED_SELECTOR = YES;
				GCC_WARN_UNINITIALIZED_AUTOS = YES_AGGRESSIVE;
				GCC_WARN_UNUSED_FUNCTION = YES;
				GCC_WARN_UNUSED_VARIABLE = YES;
				IPHONEOS_DEPLOYMENT_TARGET = 11.4;
				MTL_ENABLE_DEBUG_INFO = NO;
				SDKROOT = iphoneos;
				SWIFT_COMPILATION_MODE = wholemodule;
				SWIFT_OPTIMIZATION_LEVEL = "-O";
				VALIDATE_PRODUCT = YES;
			};
			name = Release;
		};
		8378BD1120E61562004D32BB /* Debug */ = {
			isa = XCBuildConfiguration;
			baseConfigurationReference = 823B1620E22748E2ECB44574 /* Pods-AppStructure.debug.xcconfig */;
			buildSettings = {
				ASSETCATALOG_COMPILER_APPICON_NAME = AppIcon;
				CODE_SIGN_STYLE = Automatic;
				INFOPLIST_FILE = AppStructure/Info.plist;
				LD_RUNPATH_SEARCH_PATHS = (
					"$(inherited)",
					"@executable_path/Frameworks",
				);
				PRODUCT_BUNDLE_IDENTIFIER = com.mobile.AppStructure;
				PRODUCT_NAME = "$(TARGET_NAME)";
				SWIFT_VERSION = 4.0;
				TARGETED_DEVICE_FAMILY = "1,2";
			};
			name = Debug;
		};
		8378BD1220E61562004D32BB /* Release */ = {
			isa = XCBuildConfiguration;
			baseConfigurationReference = B0E27BB57BCB51CFFB1A4C0C /* Pods-AppStructure.release.xcconfig */;
			buildSettings = {
				ASSETCATALOG_COMPILER_APPICON_NAME = AppIcon;
				CODE_SIGN_STYLE = Automatic;
				INFOPLIST_FILE = AppStructure/Info.plist;
				LD_RUNPATH_SEARCH_PATHS = (
					"$(inherited)",
					"@executable_path/Frameworks",
				);
				PRODUCT_BUNDLE_IDENTIFIER = com.mobile.AppStructure;
				PRODUCT_NAME = "$(TARGET_NAME)";
				SWIFT_VERSION = 4.0;
				TARGETED_DEVICE_FAMILY = "1,2";
			};
			name = Release;
		};
/* End XCBuildConfiguration section */

/* Begin XCConfigurationList section */
		8378BCF920E61561004D32BB /* Build configuration list for PBXProject "AppStructure" */ = {
			isa = XCConfigurationList;
			buildConfigurations = (
				8378BD0E20E61562004D32BB /* Debug */,
				8378BD0F20E61562004D32BB /* Release */,
			);
			defaultConfigurationIsVisible = 0;
			defaultConfigurationName = Release;
		};
		8378BD1020E61562004D32BB /* Build configuration list for PBXNativeTarget "AppStructure" */ = {
			isa = XCConfigurationList;
			buildConfigurations = (
				8378BD1120E61562004D32BB /* Debug */,
				8378BD1220E61562004D32BB /* Release */,
			);
			defaultConfigurationIsVisible = 0;
			defaultConfigurationName = Release;
		};
/* End XCConfigurationList section */
	};
	rootObject = 8378BCF620E61561004D32BB /* Project object */;
}
